
Microsoft Visual Studio Solution File, Format Version 12.00
# Visual Studio 14
VisualStudioVersion = 14.0.25420.1
MinimumVisualStudioVersion = 10.0.40219.1
Project("{FAE04EC0-301F-11D3-BF4B-00C04F79EFBC}") = "TheMovieList", "TheMovieList\TheMovieList.csproj", "{88FA39B4-CB1C-4672-9B12-B260253A0392}"
EndProject
Project("{FAE04EC0-301F-11D3-BF4B-00C04F79EFBC}") = "TheMovieList.Tests", "TheMovieList.Tests\TheMovieList.Tests.csproj", "{981EAC72-F9DE-4A08-B7E0-477304B4218C}"
EndProject
Global
	GlobalSection(SolutionConfigurationPlatforms) = preSolution
		Debug|Any CPU = Debug|Any CPU
		Release|Any CPU = Release|Any CPU
	EndGlobalSection
	GlobalSection(ProjectConfigurationPlatforms) = postSolution
		{88FA39B4-CB1C-4672-9B12-B260253A0392}.Debug|Any CPU.ActiveCfg = Debug|Any CPU
		{88FA39B4-CB1C-4672-9B12-B260253A0392}.Debug|Any CPU.Build.0 = Debug|Any CPU
		{88FA39B4-CB1C-4672-9B12-B260253A0392}.Release|Any CPU.ActiveCfg = Release|Any CPU
		{88FA39B4-CB1C-4672-9B12-B260253A0392}.Release|Any CPU.Build.0 = Release|Any CPU
		{981EAC72-F9DE-4A08-B7E0-477304B4218C}.Debug|Any CPU.ActiveCfg = Debug|Any CPU
		{981EAC72-F9DE-4A08-B7E0-477304B4218C}.Debug|Any CPU.Build.0 = Debug|Any CPU
		{981EAC72-F9DE-4A08-B7E0-477304B4218C}.Release|Any CPU.ActiveCfg = Release|Any CPU
		{981EAC72-F9DE-4A08-B7E0-477304B4218C}.Release|Any CPU.Build.0 = Release|Any CPU
	EndGlobalSection
	GlobalSection(SolutionProperties) = preSolution
		HideSolutionNode = FALSE
	EndGlobalSection
EndGlobal
